
Microsoft Visual Studio Solution File, Format Version 12.00
# Visual Studio Version 17
VisualStudioVersion = 17.1.32407.343
MinimumVisualStudioVersion = 10.0.40219.1
Project("{9A19103F-16F7-4668-BE54-9A1E7A4F7556}") = "News.API", "News.API\News.API.csproj", "{DEFF880D-A7BA-4A87-B9E3-2DA0554D0203}"
EndProject
Project("{9A19103F-16F7-4668-BE54-9A1E7A4F7556}") = "News.DAL", "News.DAL\News.DAL.csproj", "{03285C28-2FC2-4BEB-B6E6-767174239791}"
EndProject
Project("{9A19103F-16F7-4668-BE54-9A1E7A4F7556}") = "News.Models", "News.Models\News.Models.csproj", "{D6B666A0-ED04-45B6-9349-EBEC3F6A24F4}"
EndProject
Project("{9A19103F-16F7-4668-BE54-9A1E7A4F7556}") = "News.Services", "News.Services\News.Services.csproj", "{3B349EAB-CEC9-4A7C-AEF5-A191E387BDA3}"
EndProject
Project("{9A19103F-16F7-4668-BE54-9A1E7A4F7556}") = "News.Test", "News.Test\News.Test.csproj", "{F97D2989-5643-42A7-90FB-13958B8636E1}"
EndProject
Project("{FAE04EC0-301F-11D3-BF4B-00C04F79EFBC}") = "NewsMVC", "NewsMVC\NewsMVC.csproj", "{D6EE020C-8529-4126-AF33-5AAB45AD078B}"
EndProject
Global
	GlobalSection(SolutionConfigurationPlatforms) = preSolution
		Debug|Any CPU = Debug|Any CPU
		Release|Any CPU = Release|Any CPU
	EndGlobalSection
	GlobalSection(ProjectConfigurationPlatforms) = postSolution
		{DEFF880D-A7BA-4A87-B9E3-2DA0554D0203}.Debug|Any CPU.ActiveCfg = Debug|Any CPU
		{DEFF880D-A7BA-4A87-B9E3-2DA0554D0203}.Debug|Any CPU.Build.0 = Debug|Any CPU
		{DEFF880D-A7BA-4A87-B9E3-2DA0554D0203}.Release|Any CPU.ActiveCfg = Release|Any CPU
		{DEFF880D-A7BA-4A87-B9E3-2DA0554D0203}.Release|Any CPU.Build.0 = Release|Any CPU
		{03285C28-2FC2-4BEB-B6E6-767174239791}.Debug|Any CPU.ActiveCfg = Debug|Any CPU
		{03285C28-2FC2-4BEB-B6E6-767174239791}.Debug|Any CPU.Build.0 = Debug|Any CPU
		{03285C28-2FC2-4BEB-B6E6-767174239791}.Release|Any CPU.ActiveCfg = Release|Any CPU
		{03285C28-2FC2-4BEB-B6E6-767174239791}.Release|Any CPU.Build.0 = Release|Any CPU
		{D6B666A0-ED04-45B6-9349-EBEC3F6A24F4}.Debug|Any CPU.ActiveCfg = Debug|Any CPU
		{D6B666A0-ED04-45B6-9349-EBEC3F6A24F4}.Debug|Any CPU.Build.0 = Debug|Any CPU
		{D6B666A0-ED04-45B6-9349-EBEC3F6A24F4}.Release|Any CPU.ActiveCfg = Release|Any CPU
		{D6B666A0-ED04-45B6-9349-EBEC3F6A24F4}.Release|Any CPU.Build.0 = Release|Any CPU
		{3B349EAB-CEC9-4A7C-AEF5-A191E387BDA3}.Debug|Any CPU.ActiveCfg = Debug|Any CPU
		{3B349EAB-CEC9-4A7C-AEF5-A191E387BDA3}.Debug|Any CPU.Build.0 = Debug|Any CPU
		{3B349EAB-CEC9-4A7C-AEF5-A191E387BDA3}.Release|Any CPU.ActiveCfg = Release|Any CPU
		{3B349EAB-CEC9-4A7C-AEF5-A191E387BDA3}.Release|Any CPU.Build.0 = Release|Any CPU
		{F97D2989-5643-42A7-90FB-13958B8636E1}.Debug|Any CPU.ActiveCfg = Debug|Any CPU
		{F97D2989-5643-42A7-90FB-13958B8636E1}.Debug|Any CPU.Build.0 = Debug|Any CPU
		{F97D2989-5643-42A7-90FB-13958B8636E1}.Release|Any CPU.ActiveCfg = Release|Any CPU
		{F97D2989-5643-42A7-90FB-13958B8636E1}.Release|Any CPU.Build.0 = Release|Any CPU
		{D6EE020C-8529-4126-AF33-5AAB45AD078B}.Debug|Any CPU.ActiveCfg = Debug|Any CPU
		{D6EE020C-8529-4126-AF33-5AAB45AD078B}.Debug|Any CPU.Build.0 = Debug|Any CPU
		{D6EE020C-8529-4126-AF33-5AAB45AD078B}.Release|Any CPU.ActiveCfg = Release|Any CPU
		{D6EE020C-8529-4126-AF33-5AAB45AD078B}.Release|Any CPU.Build.0 = Release|Any CPU
	EndGlobalSection
	GlobalSection(SolutionProperties) = preSolution
		HideSolutionNode = FALSE
	EndGlobalSection
	GlobalSection(ExtensibilityGlobals) = postSolution
		SolutionGuid = {B278E230-72C8-45B9-B690-E12008A7EB95}
	EndGlobalSection
EndGlobal
